<?xml version="1.0" encoding="utf-8"?>
<Project ToolsVersion="4.0" xmlns="http://schemas.microsoft.com/developer/msbuild/2003">
  <ItemGroup>
    <Filter Include="Source Files">
      <UniqueIdentifier>{4FC737F1-C7A5-4376-A066-2A32D752A2FF}</UniqueIdentifier>
      <Extensions>cpp;c;cc;cxx;def;odl;idl;hpj;bat;asm;asmx</Extensions>
    </Filter>
    <Filter Include="Source Files\ac">
      <UniqueIdentifier>{8cef3845-c4cd-4bb4-96d5-5e04e33a3120}</UniqueIdentifier>
    </Filter>
    <Filter Include="Source Files\ac\dynobj">
      <UniqueIdentifier>{fb91d93a-11dd-4460-b2a7-54c7b18c931b}</UniqueIdentifier>
    </Filter>
    <Filter Include="Source Files\font">
      <UniqueIdentifier>{5bdfbda6-9373-4a03-9bed-3c54450d59bd}</UniqueIdentifier>
    </Filter>
    <Filter Include="Source Files\gui">
      <UniqueIdentifier>{73360016-cbc0-4ad5-afbe-5f9a69484977}</UniqueIdentifier>
    </Filter>
    <Filter Include="Source Files\util">
      <UniqueIdentifier>{1c8b06d0-ad05-46f9-99e3-9b8f55117b5f}</UniqueIdentifier>
    </Filter>
    <Filter Include="Source Files\script">
      <UniqueIdentifier>{97d1e3f4-40e9-48e9-93fc-5429f135fac9}</UniqueIdentifier>
    </Filter>
    <Filter Include="Source Files\debug">
      <UniqueIdentifier>{70473f9c-94d8-4fa0-8665-1f2be5bf690d}</UniqueIdentifier>
    </Filter>
    <Filter Include="Source Files\gfx">
      <UniqueIdentifier>{1b8a0ce0-d6f4-498d-a695-3e90f35abad0}</UniqueIdentifier>
    </Filter>
    <Filter Include="Source Files\core">
      <UniqueIdentifier>{a4b07f70-0945-439d-bad9-83e795078089}</UniqueIdentifier>
    </Filter>
    <Filter Include="Header Files">
      <UniqueIdentifier>{93995380-89BD-4b04-88EB-625FBE52EBFB}</UniqueIdentifier>
      <Extensions>h;hpp;hxx;hm;inl;inc;xsd</Extensions>
    </Filter>
    <Filter Include="Header Files\ac">
      <UniqueIdentifier>{1770269f-f17d-4d38-89eb-e6d9ccecdb6e}</UniqueIdentifier>
    </Filter>
    <Filter Include="Header Files\ac\dynobj">
      <UniqueIdentifier>{6dcf2313-425b-46b5-9d12-404177b643fb}</UniqueIdentifier>
    </Filter>
    <Filter Include="Header Files\font">
      <UniqueIdentifier>{952dc5c5-fcce-42f1-8fe2-aff7898672d6}</UniqueIdentifier>
    </Filter>
    <Filter Include="Header Files\gui">
      <UniqueIdentifier>{5cef41ca-7a13-4443-a242-97bfc97b9ca8}</UniqueIdentifier>
    </Filter>
    <Filter Include="Header Files\util">
      <UniqueIdentifier>{fea5fdd8-3832-4abf-bbe9-5512442c97d8}</UniqueIdentifier>
    </Filter>
    <Filter Include="Header Files\script">
      <UniqueIdentifier>{14ba8a95-845e-44af-ac66-e7f4cea3c29c}</UniqueIdentifier>
    </Filter>
    <Filter Include="Header Files\core">
      <UniqueIdentifier>{8e8e360d-c84a-4bf3-8ae3-29da6e7e5de3}</UniqueIdentifier>
    </Filter>
    <Filter Include="Header Files\debug">
      <UniqueIdentifier>{d1d44c96-0d9b-4bd7-83b6-7306edc88821}</UniqueIdentifier>
    </Filter>
    <Filter Include="Header Files\gfx">
      <UniqueIdentifier>{f35aa1ce-9930-4414-984a-354b03833907}</UniqueIdentifier>
    </Filter>
    <Filter Include="Header Files\api">
      <UniqueIdentifier>{7aba0178-9e9d-499e-afa2-ab0bd7292417}</UniqueIdentifier>
    </Filter>
    <Filter Include="Library Sources">
      <UniqueIdentifier>{79eb0242-5990-4d28-b08d-7b2b7fc6c4e0}</UniqueIdentifier>
    </Filter>
    <Filter Include="Library Sources\aastr">
      <UniqueIdentifier>{0d2ac3fe-27c0-4ffa-b24e-a9d4b1e715ad}</UniqueIdentifier>
    </Filter>
  </ItemGroup>
  <ItemGroup>
    <ClCompile Include="..\..\Common\ac\audiocliptype.cpp">
      <Filter>Source Files\ac</Filter>
    </ClCompile>
    <ClCompile Include="..\..\Common\ac\common.cpp">
      <Filter>Source Files\ac</Filter>
    </ClCompile>
    <ClCompile Include="..\..\Common\ac\customproperties.cpp">
      <Filter>Source Files\ac</Filter>
    </ClCompile>
    <ClCompile Include="..\..\Common\ac\gamesetupstruct.cpp">
      <Filter>Source Files\ac</Filter>
    </ClCompile>
    <ClCompile Include="..\..\Common\ac\gamesetupstructbase.cpp">
      <Filter>Source Files\ac</Filter>
    </ClCompile>
    <ClCompile Include="..\..\Common\ac\interaction.cpp">
      <Filter>Source Files\ac</Filter>
    </ClCompile>
    <ClCompile Include="..\..\Common\ac\messageinfo.cpp">
      <Filter>Source Files\ac</Filter>
    </ClCompile>
    <ClCompile Include="..\..\Common\ac\mousecursor.cpp">
      <Filter>Source Files\ac</Filter>
    </ClCompile>
    <ClCompile Include="..\..\Common\ac\point.cpp">
      <Filter>Source Files\ac</Filter>
    </ClCompile>
    <ClCompile Include="..\..\Common\ac\roomstruct.cpp">
      <Filter>Source Files\ac</Filter>
    </ClCompile>
    <ClCompile Include="..\..\Common\ac\spritecache.cpp">
      <Filter>Source Files\ac</Filter>
    </ClCompile>
    <ClCompile Include="..\..\Common\ac\view.cpp">
      <Filter>Source Files\ac</Filter>
    </ClCompile>
    <ClCompile Include="..\..\Common\ac\wordsdictionary.cpp">
      <Filter>Source Files\ac</Filter>
    </ClCompile>
    <ClCompile Include="..\..\Common\ac\dynobj\scriptaudioclip.cpp">
      <Filter>Source Files\ac\dynobj</Filter>
    </ClCompile>
    <ClCompile Include="..\..\Common\font\agsfontrenderer.cpp">
      <Filter>Source Files\font</Filter>
    </ClCompile>
    <ClCompile Include="..\..\Common\font\fonts.cpp">
      <Filter>Source Files\font</Filter>
    </ClCompile>
    <ClCompile Include="..\..\Common\font\ttffontrenderer.cpp">
      <Filter>Source Files\font</Filter>
    </ClCompile>
    <ClCompile Include="..\..\Common\font\wfnfontrenderer.cpp">
      <Filter>Source Files\font</Filter>
    </ClCompile>
    <ClCompile Include="..\..\Common\gui\guibutton.cpp">
      <Filter>Source Files\gui</Filter>
    </ClCompile>
    <ClCompile Include="..\..\Common\gui\guiinv.cpp">
      <Filter>Source Files\gui</Filter>
    </ClCompile>
    <ClCompile Include="..\..\Common\gui\guilabel.cpp">
      <Filter>Source Files\gui</Filter>
    </ClCompile>
    <ClCompile Include="..\..\Common\gui\guilistbox.cpp">
      <Filter>Source Files\gui</Filter>
    </ClCompile>
    <ClCompile Include="..\..\Common\gui\guimain.cpp">
      <Filter>Source Files\gui</Filter>
    </ClCompile>
    <ClCompile Include="..\..\Common\gui\guiobject.cpp">
      <Filter>Source Files\gui</Filter>
    </ClCompile>
    <ClCompile Include="..\..\Common\gui\guislider.cpp">
      <Filter>Source Files\gui</Filter>
    </ClCompile>
    <ClCompile Include="..\..\Common\gui\guitextbox.cpp">
      <Filter>Source Files\gui</Filter>
    </ClCompile>
    <ClCompile Include="..\..\Common\util\alignedstream.cpp">
      <Filter>Source Files\util</Filter>
    </ClCompile>
    <ClCompile Include="..\..\Common\util\compress.cpp">
      <Filter>Source Files\util</Filter>
    </ClCompile>
    <ClCompile Include="..\..\Common\util\datastream.cpp">
      <Filter>Source Files\util</Filter>
    </ClCompile>
    <ClCompile Include="..\..\Common\util\directory.cpp">
      <Filter>Source Files\util</Filter>
    </ClCompile>
    <ClCompile Include="..\..\Common\util\file.cpp">
      <Filter>Source Files\util</Filter>
    </ClCompile>
    <ClCompile Include="..\..\Common\util\filestream.cpp">
      <Filter>Source Files\util</Filter>
    </ClCompile>
    <ClCompile Include="..\..\Common\util\ini_util.cpp">
      <Filter>Source Files\util</Filter>
    </ClCompile>
    <ClCompile Include="..\..\Common\util\inifile.cpp">
      <Filter>Source Files\util</Filter>
    </ClCompile>
    <ClCompile Include="..\..\Common\util\lzw.cpp">
      <Filter>Source Files\util</Filter>
    </ClCompile>
    <ClCompile Include="..\..\Common\util\misc.cpp">
      <Filter>Source Files\util</Filter>
    </ClCompile>
    <ClCompile Include="..\..\Common\util\mutifilelib.cpp">
      <Filter>Source Files\util</Filter>
    </ClCompile>
    <ClCompile Include="..\..\Common\util\path.cpp">
      <Filter>Source Files\util</Filter>
    </ClCompile>
    <ClCompile Include="..\..\Common\util\proxystream.cpp">
      <Filter>Source Files\util</Filter>
    </ClCompile>
    <ClCompile Include="..\..\Common\util\stream.cpp">
      <Filter>Source Files\util</Filter>
    </ClCompile>
    <ClCompile Include="..\..\Common\util\string.cpp">
      <Filter>Source Files\util</Filter>
    </ClCompile>
    <ClCompile Include="..\..\Common\util\string_utils.cpp">
      <Filter>Source Files\util</Filter>
    </ClCompile>
    <ClCompile Include="..\..\Common\util\textstreamreader.cpp">
      <Filter>Source Files\util</Filter>
    </ClCompile>
    <ClCompile Include="..\..\Common\util\textstreamwriter.cpp">
      <Filter>Source Files\util</Filter>
    </ClCompile>
    <ClCompile Include="..\..\Common\util\wgt2allg.cpp">
      <Filter>Source Files\util</Filter>
    </ClCompile>
    <ClCompile Include="..\..\Common\script\cc_error.cpp">
      <Filter>Source Files\script</Filter>
    </ClCompile>
    <ClCompile Include="..\..\Common\script\cc_options.cpp">
      <Filter>Source Files\script</Filter>
    </ClCompile>
    <ClCompile Include="..\..\Common\script\cc_script.cpp">
      <Filter>Source Files\script</Filter>
    </ClCompile>
    <ClCompile Include="..\..\Common\script\cc_treemap.cpp">
      <Filter>Source Files\script</Filter>
    </ClCompile>
    <ClCompile Include="..\..\Common\script\script_common.cpp">
      <Filter>Source Files\script</Filter>
    </ClCompile>
    <ClCompile Include="..\..\Common\debug\out.cpp">
      <Filter>Source Files\debug</Filter>
    </ClCompile>
    <ClCompile Include="..\..\Common\gfx\allegrobitmap.cpp">
      <Filter>Source Files\gfx</Filter>
    </ClCompile>
    <ClCompile Include="..\..\Common\gfx\bitmap.cpp">
      <Filter>Source Files\gfx</Filter>
    </ClCompile>
    <ClCompile Include="..\..\Common\core\asset.cpp">
      <Filter>Source Files\core</Filter>
    </ClCompile>
    <ClCompile Include="..\..\Common\core\assetmanager.cpp">
      <Filter>Source Files\core</Filter>
    </ClCompile>
    <ClCompile Include="..\..\Common\libsrc\aastr-0.1.1\aastr.c">
      <Filter>Library Sources\aastr</Filter>
    </ClCompile>
    <ClCompile Include="..\..\Common\libsrc\aastr-0.1.1\aautil.c">
      <Filter>Library Sources\aastr</Filter>
    </ClCompile>
  </ItemGroup>
  <ItemGroup>
    <ClInclude Include="..\..\Common\ac\animationstruct.h">
      <Filter>Header Files\ac</Filter>
    </ClInclude>
    <ClInclude Include="..\..\Common\ac\audiocliptype.h">
      <Filter>Header Files\ac</Filter>
    </ClInclude>
    <ClInclude Include="..\..\Common\ac\characterinfo.h">
      <Filter>Header Files\ac</Filter>
    </ClInclude>
    <ClInclude Include="..\..\Common\ac\common.h">
      <Filter>Header Files\ac</Filter>
    </ClInclude>
    <ClInclude Include="..\..\Common\ac\common_defines.h">
      <Filter>Header Files\ac</Filter>
    </ClInclude>
    <ClInclude Include="..\..\Common\ac\customproperties.h">
      <Filter>Header Files\ac</Filter>
    </ClInclude>
    <ClInclude Include="..\..\Common\ac\dialogtopic.h">
      <Filter>Header Files\ac</Filter>
    </ClInclude>
    <ClInclude Include="..\..\Common\ac\game_version.h">
      <Filter>Header Files\ac</Filter>
    </ClInclude>
    <ClInclude Include="..\..\Common\ac\gamesetupstruct.h">
      <Filter>Header Files\ac</Filter>
    </ClInclude>
    <ClInclude Include="..\..\Common\ac\gamesetupstructbase.h">
      <Filter>Header Files\ac</Filter>
    </ClInclude>
    <ClInclude Include="..\..\Common\ac\gamestructdefines.h">
      <Filter>Header Files\ac</Filter>
    </ClInclude>
    <ClInclude Include="..\..\Common\ac\interaction.h">
      <Filter>Header Files\ac</Filter>
    </ClInclude>
    <ClInclude Include="..\..\Common\ac\interfacebutton.h">
      <Filter>Header Files\ac</Filter>
    </ClInclude>
    <ClInclude Include="..\..\Common\ac\interfaceelement.h">
      <Filter>Header Files\ac</Filter>
    </ClInclude>
    <ClInclude Include="..\..\Common\ac\inventoryiteminfo.h">
      <Filter>Header Files\ac</Filter>
    </ClInclude>
    <ClInclude Include="..\..\Common\ac\messageinfo.h">
      <Filter>Header Files\ac</Filter>
    </ClInclude>
    <ClInclude Include="..\..\Common\ac\mousecursor.h">
      <Filter>Header Files\ac</Filter>
    </ClInclude>
    <ClInclude Include="..\..\Common\ac\oldgamesetupstruct.h">
      <Filter>Header Files\ac</Filter>
    </ClInclude>
    <ClInclude Include="..\..\Common\ac\point.h">
      <Filter>Header Files\ac</Filter>
    </ClInclude>
    <ClInclude Include="..\..\Common\ac\roomstruct.h">
      <Filter>Header Files\ac</Filter>
    </ClInclude>
    <ClInclude Include="..\..\Common\ac\spritecache.h">
      <Filter>Header Files\ac</Filter>
    </ClInclude>
    <ClInclude Include="..\..\Common\ac\view.h">
      <Filter>Header Files\ac</Filter>
    </ClInclude>
    <ClInclude Include="..\..\Common\ac\wordsdictionary.h">
      <Filter>Header Files\ac</Filter>
    </ClInclude>
    <ClInclude Include="..\..\Common\ac\dynobj\scriptaudioclip.h">
      <Filter>Header Files\ac\dynobj</Filter>
    </ClInclude>
    <ClInclude Include="..\..\Common\font\agsfontrenderer.h">
      <Filter>Header Files\font</Filter>
    </ClInclude>
    <ClInclude Include="..\..\Common\font\fonts.h">
      <Filter>Header Files\font</Filter>
    </ClInclude>
    <ClInclude Include="..\..\Common\font\ttffontrenderer.h">
      <Filter>Header Files\font</Filter>
    </ClInclude>
    <ClInclude Include="..\..\Common\font\wfnfontrenderer.h">
      <Filter>Header Files\font</Filter>
    </ClInclude>
    <ClInclude Include="..\..\Common\gui\dynamicarray.h">
      <Filter>Header Files\gui</Filter>
    </ClInclude>
    <ClInclude Include="..\..\Common\gui\guibutton.h">
      <Filter>Header Files\gui</Filter>
    </ClInclude>
    <ClInclude Include="..\..\Common\gui\guidefines.h">
      <Filter>Header Files\gui</Filter>
    </ClInclude>
    <ClInclude Include="..\..\Common\gui\guiinv.h">
      <Filter>Header Files\gui</Filter>
    </ClInclude>
    <ClInclude Include="..\..\Common\gui\guilabel.h">
      <Filter>Header Files\gui</Filter>
    </ClInclude>
    <ClInclude Include="..\..\Common\gui\guilistbox.h">
      <Filter>Header Files\gui</Filter>
    </ClInclude>
    <ClInclude Include="..\..\Common\gui\guimain.h">
      <Filter>Header Files\gui</Filter>
    </ClInclude>
    <ClInclude Include="..\..\Common\gui\guiobject.h">
      <Filter>Header Files\gui</Filter>
    </ClInclude>
    <ClInclude Include="..\..\Common\gui\guislider.h">
      <Filter>Header Files\gui</Filter>
    </ClInclude>
    <ClInclude Include="..\..\Common\gui\guitextbox.h">
      <Filter>Header Files\gui</Filter>
    </ClInclude>
    <ClInclude Include="..\..\Common\util\alignedstream.h">
      <Filter>Header Files\util</Filter>
    </ClInclude>
    <ClInclude Include="..\..\Common\util\bbop.h">
      <Filter>Header Files\util</Filter>
    </ClInclude>
    <ClInclude Include="..\..\Common\util\compress.h">
      <Filter>Header Files\util</Filter>
    </ClInclude>
    <ClInclude Include="..\..\Common\util\datastream.h">
      <Filter>Header Files\util</Filter>
    </ClInclude>
    <ClInclude Include="..\..\Common\util\directory.h">
      <Filter>Header Files\util</Filter>
    </ClInclude>
    <ClInclude Include="..\..\Common\util\file.h">
      <Filter>Header Files\util</Filter>
    </ClInclude>
    <ClInclude Include="..\..\Common\util\filestream.h">
      <Filter>Header Files\util</Filter>
    </ClInclude>
    <ClInclude Include="..\..\Common\util\geometry.h">
      <Filter>Header Files\util</Filter>
    </ClInclude>
    <ClInclude Include="..\..\Common\util\ini_util.h">
      <Filter>Header Files\util</Filter>
    </ClInclude>
    <ClInclude Include="..\..\Common\util\inifile.h">
      <Filter>Header Files\util</Filter>
    </ClInclude>
    <ClInclude Include="..\..\Common\util\lzw.h">
      <Filter>Header Files\util</Filter>
    </ClInclude>
    <ClInclude Include="..\..\Common\util\math.h">
      <Filter>Header Files\util</Filter>
    </ClInclude>
    <ClInclude Include="..\..\Common\util\memory.h">
      <Filter>Header Files\util</Filter>
    </ClInclude>
    <ClInclude Include="..\..\Common\util\misc.h">
      <Filter>Header Files\util</Filter>
    </ClInclude>
    <ClInclude Include="..\..\Common\util\multifilelib.h">
      <Filter>Header Files\util</Filter>
    </ClInclude>
    <ClInclude Include="..\..\Common\util\path.h">
      <Filter>Header Files\util</Filter>
    </ClInclude>
    <ClInclude Include="..\..\Common\util\proxystream.h">
      <Filter>Header Files\util</Filter>
    </ClInclude>
    <ClInclude Include="..\..\Common\util\stream.h">
      <Filter>Header Files\util</Filter>
    </ClInclude>
    <ClInclude Include="..\..\Common\util\string.h">
      <Filter>Header Files\util</Filter>
    </ClInclude>
    <ClInclude Include="..\..\Common\util\string_utils.h">
      <Filter>Header Files\util</Filter>
    </ClInclude>
    <ClInclude Include="..\..\Engine\util\textfilestream.h">
      <Filter>Header Files\util</Filter>
    </ClInclude>
    <ClInclude Include="..\..\Common\util\textreader.h">
      <Filter>Header Files\util</Filter>
    </ClInclude>
    <ClInclude Include="..\..\Common\util\textstreamreader.h">
      <Filter>Header Files\util</Filter>
    </ClInclude>
    <ClInclude Include="..\..\Common\util\textstreamwriter.h">
      <Filter>Header Files\util</Filter>
    </ClInclude>
    <ClInclude Include="..\..\Common\util\textwriter.h">
      <Filter>Header Files\util</Filter>
    </ClInclude>
    <ClInclude Include="..\..\Common\util\wgt2allg.h">
      <Filter>Header Files\util</Filter>
    </ClInclude>
    <ClInclude Include="..\..\Common\script\cc_error.h">
      <Filter>Header Files\script</Filter>
    </ClInclude>
    <ClInclude Include="..\..\Common\script\cc_options.h">
      <Filter>Header Files\script</Filter>
    </ClInclude>
    <ClInclude Include="..\..\Common\script\cc_script.h">
      <Filter>Header Files\script</Filter>
    </ClInclude>
    <ClInclude Include="..\..\Common\script\cc_treemap.h">
      <Filter>Header Files\script</Filter>
    </ClInclude>
    <ClInclude Include="..\..\Common\script\script_common.h">
      <Filter>Header Files\script</Filter>
    </ClInclude>
    <ClInclude Include="..\..\Common\core\asset.h">
      <Filter>Header Files\core</Filter>
    </ClInclude>
    <ClInclude Include="..\..\Common\core\assetmanager.h">
      <Filter>Header Files\core</Filter>
    </ClInclude>
    <ClInclude Include="..\..\Common\core\def_version.h">
      <Filter>Header Files\core</Filter>
    </ClInclude>
    <ClInclude Include="..\..\Common\core\endianness.h">
      <Filter>Header Files\core</Filter>
    </ClInclude>
    <ClInclude Include="..\..\Common\core\types.h">
      <Filter>Header Files\core</Filter>
    </ClInclude>
    <ClInclude Include="..\..\Common\debug\assert.h">
      <Filter>Header Files\debug</Filter>
    </ClInclude>
    <ClInclude Include="..\..\Common\debug\out.h">
      <Filter>Header Files\debug</Filter>
    </ClInclude>
    <ClInclude Include="..\..\Common\debug\outputtarget.h">
      <Filter>Header Files\debug</Filter>
    </ClInclude>
    <ClInclude Include="..\..\Common\gfx\allegrobitmap.h">
      <Filter>Header Files\gfx</Filter>
    </ClInclude>
    <ClInclude Include="..\..\Common\gfx\bitmap.h">
      <Filter>Header Files\gfx</Filter>
    </ClInclude>
    <ClInclude Include="..\..\Common\api\stream_api.h">
      <Filter>Header Files\api</Filter>
    </ClInclude>
  </ItemGroup>
</Project>